
Microsoft Visual Studio Solution File, Format Version 12.00
# Visual Studio Version 16
VisualStudioVersion = 16.0.29920.165
MinimumVisualStudioVersion = 10.0.40219.1
Project("{FAE04EC0-301F-11D3-BF4B-00C04F79EFBC}") = "MyClasses", "MyClasses\MyClasses.csproj", "{0557BC4E-BB63-4832-91F1-E6A176D88C8B}"
EndProject
Project("{FAE04EC0-301F-11D3-BF4B-00C04F79EFBC}") = "MyClassesTest", "MyClassesTest\MyClassesTest.csproj", "{ED177014-0D26-44A5-BFBE-3FAF2A6CFA4F}"
EndProject
Global
	GlobalSection(SolutionConfigurationPlatforms) = preSolution
		Debug|Any CPU = Debug|Any CPU
		Release|Any CPU = Release|Any CPU
	EndGlobalSection
	GlobalSection(ProjectConfigurationPlatforms) = postSolution
		{0557BC4E-BB63-4832-91F1-E6A176D88C8B}.Debug|Any CPU.ActiveCfg = Debug|Any CPU
		{0557BC4E-BB63-4832-91F1-E6A176D88C8B}.Debug|Any CPU.Build.0 = Debug|Any CPU
		{0557BC4E-BB63-4832-91F1-E6A176D88C8B}.Release|Any CPU.ActiveCfg = Release|Any CPU
		{0557BC4E-BB63-4832-91F1-E6A176D88C8B}.Release|Any CPU.Build.0 = Release|Any CPU
		{ED177014-0D26-44A5-BFBE-3FAF2A6CFA4F}.Debug|Any CPU.ActiveCfg = Debug|Any CPU
		{ED177014-0D26-44A5-BFBE-3FAF2A6CFA4F}.Debug|Any CPU.Build.0 = Debug|Any CPU
		{ED177014-0D26-44A5-BFBE-3FAF2A6CFA4F}.Release|Any CPU.ActiveCfg = Release|Any CPU
		{ED177014-0D26-44A5-BFBE-3FAF2A6CFA4F}.Release|Any CPU.Build.0 = Release|Any CPU
	EndGlobalSection
	GlobalSection(SolutionProperties) = preSolution
		HideSolutionNode = FALSE
	EndGlobalSection
	GlobalSection(ExtensibilityGlobals) = postSolution
		SolutionGuid = {9B1E8A0F-F425-4A23-91E8-FAD50A051412}
	EndGlobalSection
EndGlobal
